dependencies:
- name: cloudnative-pg
  repository: https://cloudnative-pg.github.io/charts
  version: 0.28.0
- name: cert-manager
  repository: https://charts.jetstack.io
  version: v1.19.4
- name: replicated
  repository: oci://registry.replicated.com/library
  version: 1.19.3
digest: sha256:1009926acbd1aff17685991f491206c38713cc5edf54d77f08f0605c3e9e1869
generated: "2026-04-20T15:09:19.654811-04:00"
