dependencies:
- name: cloudnative-pg
  repository: https://cloudnative-pg.github.io/charts
  version: 0.29.1
- name: cert-manager
  repository: https://charts.jetstack.io
  version: v1.19.6
- name: replicated
  repository: oci://registry.replicated.com/library
  version: 1.19.11
digest: sha256:ac4c4b66270418856f31688e8ec4b27a089e93b688e28926eb3418e46fef9a00
generated: "2026-09-24T22:06:50.980906565Z"
