dependencies:
- name: cloudnative-pg
  repository: https://cloudnative-pg.github.io/charts
  version: 0.28.0
- name: cert-manager
  repository: https://charts.jetstack.io
  version: v1.19.4
- name: replicated
  repository: oci://registry.replicated.com/library
  version: 1.19.2
digest: sha256:443b0dfc6c408b81e7f6528262bc68ce23afa47a41b31051cb00b2c6ecd89377
generated: "2026-04-16T17:19:50.840262-04:00"
